// !$*UTF8*$!
{
	archiveVersion = 1;
	classes = {
	};
	objectVersion = 56;
	objects = {

/* Begin PBXBuildFile section */
		340896C12B7001FA002D6451 /* ColorExtension.swift in Sources */ = {isa = PBXBuildFile; fileRef = 340896C02B7001FA002D6451 /* ColorExtension.swift */; };
		340896C32B7005DA002D6451 /* TypeTagView.swift in Sources */ = {isa = PBXBuildFile; fileRef = 340896C22B7005DA002D6451 /* TypeTagView.swift */; };
		34141AA72B70151D00ECA369 /* PokemonDetailView.swift in Sources */ = {isa = PBXBuildFile; fileRef = 34141AA62B70151D00ECA369 /* PokemonDetailView.swift */; };
		34141AB32B70225F00ECA369 /* PokemonListResponse.swift in Sources */ = {isa = PBXBuildFile; fileRef = 34141AB22B70225F00ECA369 /* PokemonListResponse.swift */; };
		34141AB52B70227B00ECA369 /* PokemonResultItemResponse.swift in Sources */ = {isa = PBXBuildFile; fileRef = 34141AB42B70227B00ECA369 /* PokemonResultItemResponse.swift */; };
		34141AB72B7022BE00ECA369 /* PokemonDetailResponse.swift in Sources */ = {isa = PBXBuildFile; fileRef = 34141AB62B7022BE00ECA369 /* PokemonDetailResponse.swift */; };
		34141AB92B7022CC00ECA369 /* Species.swift in Sources */ = {isa = PBXBuildFile; fileRef = 34141AB82B7022CC00ECA369 /* Species.swift */; };
		34141ABB2B7022D900ECA369 /* Sprites.swift in Sources */ = {isa = PBXBuildFile; fileRef = 34141ABA2B7022D900ECA369 /* Sprites.swift */; };
		34141ABD2B7022E500ECA369 /* TypeElement.swift in Sources */ = {isa = PBXBuildFile; fileRef = 34141ABC2B7022E500ECA369 /* TypeElement.swift */; };
		34141AD22B70505E00ECA369 /* Constants.swift in Sources */ = {isa = PBXBuildFile; fileRef = 34141AD12B70505E00ECA369 /* Constants.swift */; };
		34141AD72B7054D500ECA369 /* Stat.swift in Sources */ = {isa = PBXBuildFile; fileRef = 34141AD62B7054D500ECA369 /* Stat.swift */; };
		34141ADD2B7055E300ECA369 /* StatResponse.swift in Sources */ = {isa = PBXBuildFile; fileRef = 34141ADC2B7055E300ECA369 /* StatResponse.swift */; };
		3438B3F42B6D61D80047673C /* MyPokeAppSeshApp.swift in Sources */ = {isa = PBXBuildFile; fileRef = 3438B3F32B6D61D80047673C /* MyPokeAppSeshApp.swift */; };
		3438B3F82B6D61D90047673C /* Assets.xcassets in Resources */ = {isa = PBXBuildFile; fileRef = 3438B3F72B6D61D90047673C /* Assets.xcassets */; };
		3438B3FB2B6D61D90047673C /* Preview Assets.xcassets in Resources */ = {isa = PBXBuildFile; fileRef = 3438B3FA2B6D61D90047673C /* Preview Assets.xcassets */; };
		3438B40A2B6DB8040047673C /* PokemonListView.swift in Sources */ = {isa = PBXBuildFile; fileRef = 3438B4092B6DB8040047673C /* PokemonListView.swift */; };
		3438B40C2B6DB8530047673C /* PokemonCellView.swift in Sources */ = {isa = PBXBuildFile; fileRef = 3438B40B2B6DB8530047673C /* PokemonCellView.swift */; };
		3438B40E2B6DBA430047673C /* Images.xcassets in Resources */ = {isa = PBXBuildFile; fileRef = 3438B40D2B6DBA430047673C /* Images.xcassets */; };
		3438B4132B6E4C1C0047673C /* PokemonRepository.swift in Sources */ = {isa = PBXBuildFile; fileRef = 3438B4122B6E4C1C0047673C /* PokemonRepository.swift */; };
		3438B4152B6E54AC0047673C /* PokemonListViewModel.swift in Sources */ = {isa = PBXBuildFile; fileRef = 3438B4142B6E54AC0047673C /* PokemonListViewModel.swift */; };
		3438B41A2B6E589F0047673C /* PokemonModel.swift in Sources */ = {isa = PBXBuildFile; fileRef = 3438B4172B6E589F0047673C /* PokemonModel.swift */; };
		3476BD762B722C740072644A /* PokemonDetailData.swift in Sources */ = {isa = PBXBuildFile; fileRef = 3476BD752B722C740072644A /* PokemonDetailData.swift */; };
		3476BD7D2B72A7CC0072644A /* PokemonFavoritesView.swift in Sources */ = {isa = PBXBuildFile; fileRef = 3476BD7C2B72A7CC0072644A /* PokemonFavoritesView.swift */; };
		3476BD7F2B72AC870072644A /* PokemonListDataState.swift in Sources */ = {isa = PBXBuildFile; fileRef = 3476BD7E2B72AC870072644A /* PokemonListDataState.swift */; };
		3476BD822B72AD4C0072644A /* StatResponseData.swift in Sources */ = {isa = PBXBuildFile; fileRef = 3476BD812B72AD4C0072644A /* StatResponseData.swift */; };
		3476BD842B72AD610072644A /* AbilityData.swift in Sources */ = {isa = PBXBuildFile; fileRef = 3476BD832B72AD610072644A /* AbilityData.swift */; };
		3476BD862B72AD7B0072644A /* SpeciesData.swift in Sources */ = {isa = PBXBuildFile; fileRef = 3476BD852B72AD7B0072644A /* SpeciesData.swift */; };
		3476BD882B72AD8C0072644A /* SpritesData.swift in Sources */ = {isa = PBXBuildFile; fileRef = 3476BD872B72AD8C0072644A /* SpritesData.swift */; };
		3476BD8A2B72AD9C0072644A /* TypeElementData.swift in Sources */ = {isa = PBXBuildFile; fileRef = 3476BD892B72AD9C0072644A /* TypeElementData.swift */; };
		3476BD8C2B72B0060072644A /* StatData.swift in Sources */ = {isa = PBXBuildFile; fileRef = 3476BD8B2B72B0060072644A /* StatData.swift */; };
		3476BD8E2B72B1CC0072644A /* Errors.swift in Sources */ = {isa = PBXBuildFile; fileRef = 3476BD8D2B72B1CC0072644A /* Errors.swift */; };
		3476BD902B72BB930072644A /* PokemonListResponseData.swift in Sources */ = {isa = PBXBuildFile; fileRef = 3476BD8F2B72BB930072644A /* PokemonListResponseData.swift */; };
		3476BD922B72BBC70072644A /* PokemonResultItemResponseData.swift in Sources */ = {isa = PBXBuildFile; fileRef = 3476BD912B72BBC70072644A /* PokemonResultItemResponseData.swift */; };
		3476BD962B72D58D0072644A /* PokemonCellViewModel.swift in Sources */ = {isa = PBXBuildFile; fileRef = 3476BD952B72D58D0072644A /* PokemonCellViewModel.swift */; };
		349650A82B7061AD00E27543 /* Ability.swift in Sources */ = {isa = PBXBuildFile; fileRef = 349650A72B7061AD00E27543 /* Ability.swift */; };
/* End PBXBuildFile section */

/* Begin PBXFileReference section */
		340896C02B7001FA002D6451 /* ColorExtension.swift */ = {isa = PBXFileReference; lastKnownFileType = sourcecode.swift; path = ColorExtension.swift; sourceTree = "<group>"; };
		340896C22B7005DA002D6451 /* TypeTagView.swift */ = {isa = PBXFileReference; lastKnownFileType = sourcecode.swift; path = TypeTagView.swift; sourceTree = "<group>"; };
		34141AA62B70151D00ECA369 /* PokemonDetailView.swift */ = {isa = PBXFileReference; lastKnownFileType = sourcecode.swift; path = PokemonDetailView.swift; sourceTree = "<group>"; };
		34141AB22B70225F00ECA369 /* PokemonListResponse.swift */ = {isa = PBXFileReference; lastKnownFileType = sourcecode.swift; path = PokemonListResponse.swift; sourceTree = "<group>"; };
		34141AB42B70227B00ECA369 /* PokemonResultItemResponse.swift */ = {isa = PBXFileReference; lastKnownFileType = sourcecode.swift; path = PokemonResultItemResponse.swift; sourceTree = "<group>"; };
		34141AB62B7022BE00ECA369 /* PokemonDetailResponse.swift */ = {isa = PBXFileReference; lastKnownFileType = sourcecode.swift; path = PokemonDetailResponse.swift; sourceTree = "<group>"; };
		34141AB82B7022CC00ECA369 /* Species.swift */ = {isa = PBXFileReference; lastKnownFileType = sourcecode.swift; path = Species.swift; sourceTree = "<group>"; };
		34141ABA2B7022D900ECA369 /* Sprites.swift */ = {isa = PBXFileReference; lastKnownFileType = sourcecode.swift; path = Sprites.swift; sourceTree = "<group>"; };
		34141ABC2B7022E500ECA369 /* TypeElement.swift */ = {isa = PBXFileReference; lastKnownFileType = sourcecode.swift; path = TypeElement.swift; sourceTree = "<group>"; };
		34141ACE2B70503E00ECA369 /* Poppins-Bold.ttf */ = {isa = PBXFileReference; lastKnownFileType = file; path = "Poppins-Bold.ttf"; sourceTree = "<group>"; };
		34141ACF2B70503E00ECA369 /* Poppins-Medium.ttf */ = {isa = PBXFileReference; lastKnownFileType = file; path = "Poppins-Medium.ttf"; sourceTree = "<group>"; };
		34141AD02B70503E00ECA369 /* Poppins-Regular.ttf */ = {isa = PBXFileReference; lastKnownFileType = file; path = "Poppins-Regular.ttf"; sourceTree = "<group>"; };
		34141AD12B70505E00ECA369 /* Constants.swift */ = {isa = PBXFileReference; lastKnownFileType = sourcecode.swift; path = Constants.swift; sourceTree = "<group>"; };
		34141AD32B70521A00ECA369 /* Poppins-ExtraBold.ttf */ = {isa = PBXFileReference; lastKnownFileType = file; path = "Poppins-ExtraBold.ttf"; sourceTree = "<group>"; };
		34141AD62B7054D500ECA369 /* Stat.swift */ = {isa = PBXFileReference; lastKnownFileType = sourcecode.swift; path = Stat.swift; sourceTree = "<group>"; };
		34141ADC2B7055E300ECA369 /* StatResponse.swift */ = {isa = PBXFileReference; lastKnownFileType = sourcecode.swift; path = StatResponse.swift; sourceTree = "<group>"; };
		3438B3F02B6D61D80047673C /* MyPokeAppSesh.app */ = {isa = PBXFileReference; explicitFileType = wrapper.application; includeInIndex = 0; path = MyPokeAppSesh.app; sourceTree = BUILT_PRODUCTS_DIR; };
		3438B3F32B6D61D80047673C /* MyPokeAppSeshApp.swift */ = {isa = PBXFileReference; lastKnownFileType = sourcecode.swift; path = MyPokeAppSeshApp.swift; sourceTree = "<group>"; };
		3438B3F72B6D61D90047673C /* Assets.xcassets */ = {isa = PBXFileReference; lastKnownFileType = folder.assetcatalog; path = Assets.xcassets; sourceTree = "<group>"; };
		3438B3FA2B6D61D90047673C /* Preview Assets.xcassets */ = {isa = PBXFileReference; lastKnownFileType = folder.assetcatalog; path = "Preview Assets.xcassets"; sourceTree = "<group>"; };
		3438B4092B6DB8040047673C /* PokemonListView.swift */ = {isa = PBXFileReference; lastKnownFileType = sourcecode.swift; path = PokemonListView.swift; sourceTree = "<group>"; };
		3438B40B2B6DB8530047673C /* PokemonCellView.swift */ = {isa = PBXFileReference; lastKnownFileType = sourcecode.swift; path = PokemonCellView.swift; sourceTree = "<group>"; };
		3438B40D2B6DBA430047673C /* Images.xcassets */ = {isa = PBXFileReference; lastKnownFileType = folder.assetcatalog; path = Images.xcassets; sourceTree = "<group>"; };
		3438B4122B6E4C1C0047673C /* PokemonRepository.swift */ = {isa = PBXFileReference; lastKnownFileType = sourcecode.swift; path = PokemonRepository.swift; sourceTree = "<group>"; };
		3438B4142B6E54AC0047673C /* PokemonListViewModel.swift */ = {isa = PBXFileReference; lastKnownFileType = sourcecode.swift; path = PokemonListViewModel.swift; sourceTree = "<group>"; };
		3438B4172B6E589F0047673C /* PokemonModel.swift */ = {isa = PBXFileReference; lastKnownFileType = sourcecode.swift; path = PokemonModel.swift; sourceTree = "<group>"; };
		3476BD752B722C740072644A /* PokemonDetailData.swift */ = {isa = PBXFileReference; lastKnownFileType = sourcecode.swift; path = PokemonDetailData.swift; sourceTree = "<group>"; };
		3476BD7C2B72A7CC0072644A /* PokemonFavoritesView.swift */ = {isa = PBXFileReference; lastKnownFileType = sourcecode.swift; path = PokemonFavoritesView.swift; sourceTree = "<group>"; };
		3476BD7E2B72AC870072644A /* PokemonListDataState.swift */ = {isa = PBXFileReference; fileEncoding = 4; lastKnownFileType = sourcecode.swift; path = PokemonListDataState.swift; sourceTree = "<group>"; };
		3476BD812B72AD4C0072644A /* StatResponseData.swift */ = {isa = PBXFileReference; lastKnownFileType = sourcecode.swift; path = StatResponseData.swift; sourceTree = "<group>"; };
		3476BD832B72AD610072644A /* AbilityData.swift */ = {isa = PBXFileReference; lastKnownFileType = sourcecode.swift; path = AbilityData.swift; sourceTree = "<group>"; };
		3476BD852B72AD7B0072644A /* SpeciesData.swift */ = {isa = PBXFileReference; lastKnownFileType = sourcecode.swift; path = SpeciesData.swift; sourceTree = "<group>"; };
		3476BD872B72AD8C0072644A /* SpritesData.swift */ = {isa = PBXFileReference; lastKnownFileType = sourcecode.swift; path = SpritesData.swift; sourceTree = "<group>"; };
		3476BD892B72AD9C0072644A /* TypeElementData.swift */ = {isa = PBXFileReference; lastKnownFileType = sourcecode.swift; path = TypeElementData.swift; sourceTree = "<group>"; };
		3476BD8B2B72B0060072644A /* StatData.swift */ = {isa = PBXFileReference; lastKnownFileType = sourcecode.swift; path = StatData.swift; sourceTree = "<group>"; };
		3476BD8D2B72B1CC0072644A /* Errors.swift */ = {isa = PBXFileReference; lastKnownFileType = sourcecode.swift; path = Errors.swift; sourceTree = "<group>"; };
		3476BD8F2B72BB930072644A /* PokemonListResponseData.swift */ = {isa = PBXFileReference; lastKnownFileType = sourcecode.swift; path = PokemonListResponseData.swift; sourceTree = "<group>"; };
		3476BD912B72BBC70072644A /* PokemonResultItemResponseData.swift */ = {isa = PBXFileReference; lastKnownFileType = sourcecode.swift; path = PokemonResultItemResponseData.swift; sourceTree = "<group>"; };
		3476BD952B72D58D0072644A /* PokemonCellViewModel.swift */ = {isa = PBXFileReference; lastKnownFileType = sourcecode.swift; path = PokemonCellViewModel.swift; sourceTree = "<group>"; };
		349650A72B7061AD00E27543 /* Ability.swift */ = {isa = PBXFileReference; lastKnownFileType = sourcecode.swift; path = Ability.swift; sourceTree = "<group>"; };
/* End PBXFileReference section */

/* Begin PBXFrameworksBuildPhase section */
		3438B3ED2B6D61D80047673C /* Frameworks */ = {
			isa = PBXFrameworksBuildPhase;
			buildActionMask = 2147483647;
			files = (
			);
			runOnlyForDeploymentPostprocessing = 0;
		};
/* End PBXFrameworksBuildPhase section */

/* Begin PBXGroup section */
		340896B92B6E71E9002D6451 /* UseCases */ = {
			isa = PBXGroup;
			children = (
				3476BD7B2B72A7A50072644A /* PokemonFavorites */,
				349650CB2B717C5700E27543 /* PokemonDetail */,
				349650C92B717BEB00E27543 /* PokemonList */,
			);
			path = UseCases;
			sourceTree = "<group>";
		};
		34141ACC2B704FE200ECA369 /* Font */ = {
			isa = PBXGroup;
			children = (
				34141AD32B70521A00ECA369 /* Poppins-ExtraBold.ttf */,
				34141ACE2B70503E00ECA369 /* Poppins-Bold.ttf */,
				34141ACF2B70503E00ECA369 /* Poppins-Medium.ttf */,
				34141AD02B70503E00ECA369 /* Poppins-Regular.ttf */,
			);
			path = Font;
			sourceTree = "<group>";
		};
		3438B3E72B6D61D80047673C = {
			isa = PBXGroup;
			children = (
				3438B3F22B6D61D80047673C /* MyPokeAppSesh */,
				3438B3F12B6D61D80047673C /* Products */,
			);
			sourceTree = "<group>";
		};
		3438B3F12B6D61D80047673C /* Products */ = {
			isa = PBXGroup;
			children = (
				3438B3F02B6D61D80047673C /* MyPokeAppSesh.app */,
			);
			name = Products;
			sourceTree = "<group>";
		};
		3438B3F22B6D61D80047673C /* MyPokeAppSesh */ = {
			isa = PBXGroup;
			children = (
				3438B3F32B6D61D80047673C /* MyPokeAppSeshApp.swift */,
				3438B40F2B6DBE6B0047673C /* Network */,
				340896B92B6E71E9002D6451 /* UseCases */,
				3438B4062B6DB7D60047673C /* Model */,
				3438B4102B6DBE820047673C /* Utils */,
				3438B4112B6E41430047673C /* Media */,
				3438B3F92B6D61D90047673C /* Preview Content */,
			);
			path = MyPokeAppSesh;
			sourceTree = "<group>";
		};
		3438B3F92B6D61D90047673C /* Preview Content */ = {
			isa = PBXGroup;
			children = (
				3438B3FA2B6D61D90047673C /* Preview Assets.xcassets */,
			);
			path = "Preview Content";
			sourceTree = "<group>";
		};
		3438B4062B6DB7D60047673C /* Model */ = {
			isa = PBXGroup;
			children = (
				34141AB22B70225F00ECA369 /* PokemonListResponse.swift */,
				34141AB42B70227B00ECA369 /* PokemonResultItemResponse.swift */,
				34141AB62B7022BE00ECA369 /* PokemonDetailResponse.swift */,
				34141AB82B7022CC00ECA369 /* Species.swift */,
				34141ABA2B7022D900ECA369 /* Sprites.swift */,
				34141ABC2B7022E500ECA369 /* TypeElement.swift */,
				34141AD62B7054D500ECA369 /* Stat.swift */,
				34141ADC2B7055E300ECA369 /* StatResponse.swift */,
				349650A72B7061AD00E27543 /* Ability.swift */,
				3438B4172B6E589F0047673C /* PokemonModel.swift */,
				3476BD802B72AD100072644A /* DataModel */,
			);
			path = Model;
			sourceTree = "<group>";
		};
		3438B40F2B6DBE6B0047673C /* Network */ = {
			isa = PBXGroup;
			children = (
				3438B4122B6E4C1C0047673C /* PokemonRepository.swift */,
			);
			path = Network;
			sourceTree = "<group>";
		};
		3438B4102B6DBE820047673C /* Utils */ = {
			isa = PBXGroup;
			children = (
				3476BD692B718B9A0072644A /* Views */,
				3476BD682B718B8E0072644A /* Extensions */,
				34141AD12B70505E00ECA369 /* Constants.swift */,
				3476BD8D2B72B1CC0072644A /* Errors.swift */,
			);
			path = Utils;
			sourceTree = "<group>";
		};
		3438B4112B6E41430047673C /* Media */ = {
			isa = PBXGroup;
			children = (
				34141ACC2B704FE200ECA369 /* Font */,
				3438B40D2B6DBA430047673C /* Images.xcassets */,
				3438B3F72B6D61D90047673C /* Assets.xcassets */,
			);
			path = Media;
			sourceTree = "<group>";
		};
		3476BD682B718B8E0072644A /* Extensions */ = {
			isa = PBXGroup;
			children = (
				340896C02B7001FA002D6451 /* ColorExtension.swift */,
			);
			path = Extensions;
			sourceTree = "<group>";
		};
		3476BD692B718B9A0072644A /* Views */ = {
			isa = PBXGroup;
			children = (
				340896C22B7005DA002D6451 /* TypeTagView.swift */,
			);
			path = Views;
			sourceTree = "<group>";
		};
		3476BD7B2B72A7A50072644A /* PokemonFavorites */ = {
			isa = PBXGroup;
			children = (
				3476BD7C2B72A7CC0072644A /* PokemonFavoritesView.swift */,
			);
			path = PokemonFavorites;
			sourceTree = "<group>";
		};
		3476BD802B72AD100072644A /* DataModel */ = {
			isa = PBXGroup;
			children = (
				3476BD8F2B72BB930072644A /* PokemonListResponseData.swift */,
				3476BD912B72BBC70072644A /* PokemonResultItemResponseData.swift */,
				3476BD752B722C740072644A /* PokemonDetailData.swift */,
				3476BD812B72AD4C0072644A /* StatResponseData.swift */,
				3476BD832B72AD610072644A /* AbilityData.swift */,
				3476BD852B72AD7B0072644A /* SpeciesData.swift */,
				3476BD872B72AD8C0072644A /* SpritesData.swift */,
				3476BD892B72AD9C0072644A /* TypeElementData.swift */,
				3476BD8B2B72B0060072644A /* StatData.swift */,
			);
			path = DataModel;
			sourceTree = "<group>";
		};
		349650C92B717BEB00E27543 /* PokemonList */ = {
			isa = PBXGroup;
			children = (
				349650CA2B717C1E00E27543 /* Cell */,
				3438B4142B6E54AC0047673C /* PokemonListViewModel.swift */,
				3438B4092B6DB8040047673C /* PokemonListView.swift */,
				3476BD7E2B72AC870072644A /* PokemonListDataState.swift */,
			);
			path = PokemonList;
			sourceTree = "<group>";
		};
		349650CA2B717C1E00E27543 /* Cell */ = {
			isa = PBXGroup;
			children = (
				3438B40B2B6DB8530047673C /* PokemonCellView.swift */,
				3476BD952B72D58D0072644A /* PokemonCellViewModel.swift */,
			);
			path = Cell;
			sourceTree = "<group>";
		};
		349650CB2B717C5700E27543 /* PokemonDetail */ = {
			isa = PBXGroup;
			children = (
				34141AA62B70151D00ECA369 /* PokemonDetailView.swift */,
			);
			path = PokemonDetail;
			sourceTree = "<group>";
		};
/* End PBXGroup section */

/* Begin PBXNativeTarget section */
		3438B3EF2B6D61D80047673C /* MyPokeAppSesh */ = {
			isa = PBXNativeTarget;
			buildConfigurationList = 3438B4032B6D61D90047673C /* Build configuration list for PBXNativeTarget "MyPokeAppSesh" */;
			buildPhases = (
				3438B3EC2B6D61D80047673C /* Sources */,
				3438B3ED2B6D61D80047673C /* Frameworks */,
				3438B3EE2B6D61D80047673C /* Resources */,
			);
			buildRules = (
			);
			dependencies = (
			);
			name = MyPokeAppSesh;
			productName = MyPokeAppSesh;
			productReference = 3438B3F02B6D61D80047673C /* MyPokeAppSesh.app */;
			productType = "com.apple.product-type.application";
		};
/* End PBXNativeTarget section */

/* Begin PBXProject section */
		3438B3E82B6D61D80047673C /* Project object */ = {
			isa = PBXProject;
			attributes = {
				BuildIndependentTargetsInParallel = 1;
				LastSwiftUpdateCheck = 1500;
				LastUpgradeCheck = 1500;
				TargetAttributes = {
					3438B3EF2B6D61D80047673C = {
						CreatedOnToolsVersion = 15.0;
					};
				};
			};
			buildConfigurationList = 3438B3EB2B6D61D80047673C /* Build configuration list for PBXProject "MyPokeAppSesh" */;
			compatibilityVersion = "Xcode 14.0";
			developmentRegion = en;
			hasScannedForEncodings = 0;
			knownRegions = (
				en,
				Base,
			);
			mainGroup = 3438B3E72B6D61D80047673C;
			productRefGroup = 3438B3F12B6D61D80047673C /* Products */;
			projectDirPath = "";
			projectRoot = "";
			targets = (
				3438B3EF2B6D61D80047673C /* MyPokeAppSesh */,
			);
		};
/* End PBXProject section */

/* Begin PBXResourcesBuildPhase section */
		3438B3EE2B6D61D80047673C /* Resources */ = {
			isa = PBXResourcesBuildPhase;
			buildActionMask = 2147483647;
			files = (
				3438B40E2B6DBA430047673C /* Images.xcassets in Resources */,
				3438B3FB2B6D61D90047673C /* Preview Assets.xcassets in Resources */,
				3438B3F82B6D61D90047673C /* Assets.xcassets in Resources */,
			);
			runOnlyForDeploymentPostprocessing = 0;
		};
/* End PBXResourcesBuildPhase section */

/* Begin PBXSourcesBuildPhase section */
		3438B3EC2B6D61D80047673C /* Sources */ = {
			isa = PBXSourcesBuildPhase;
			buildActionMask = 2147483647;
			files = (
				3476BD882B72AD8C0072644A /* SpritesData.swift in Sources */,
				3438B40C2B6DB8530047673C /* PokemonCellView.swift in Sources */,
				3476BD7F2B72AC870072644A /* PokemonListDataState.swift in Sources */,
				3476BD8E2B72B1CC0072644A /* Errors.swift in Sources */,
				34141ABB2B7022D900ECA369 /* Sprites.swift in Sources */,
				3438B4132B6E4C1C0047673C /* PokemonRepository.swift in Sources */,
				34141AD22B70505E00ECA369 /* Constants.swift in Sources */,
				3476BD7D2B72A7CC0072644A /* PokemonFavoritesView.swift in Sources */,
				34141AA72B70151D00ECA369 /* PokemonDetailView.swift in Sources */,
				34141AB92B7022CC00ECA369 /* Species.swift in Sources */,
				3438B3F42B6D61D80047673C /* MyPokeAppSeshApp.swift in Sources */,
				340896C12B7001FA002D6451 /* ColorExtension.swift in Sources */,
				3476BD8C2B72B0060072644A /* StatData.swift in Sources */,
				3438B4152B6E54AC0047673C /* PokemonListViewModel.swift in Sources */,
				3476BD922B72BBC70072644A /* PokemonResultItemResponseData.swift in Sources */,
				349650A82B7061AD00E27543 /* Ability.swift in Sources */,
				34141AD72B7054D500ECA369 /* Stat.swift in Sources */,
				34141AB32B70225F00ECA369 /* PokemonListResponse.swift in Sources */,
				34141AB72B7022BE00ECA369 /* PokemonDetailResponse.swift in Sources */,
				3476BD762B722C740072644A /* PokemonDetailData.swift in Sources */,
				3476BD822B72AD4C0072644A /* StatResponseData.swift in Sources */,
				34141ADD2B7055E300ECA369 /* StatResponse.swift in Sources */,
				340896C32B7005DA002D6451 /* TypeTagView.swift in Sources */,
				3438B41A2B6E589F0047673C /* PokemonModel.swift in Sources */,
				3476BD862B72AD7B0072644A /* SpeciesData.swift in Sources */,
				3476BD902B72BB930072644A /* PokemonListResponseData.swift in Sources */,
				3476BD962B72D58D0072644A /* PokemonCellViewModel.swift in Sources */,
				3476BD842B72AD610072644A /* AbilityData.swift in Sources */,
				3476BD8A2B72AD9C0072644A /* TypeElementData.swift in Sources */,
				34141ABD2B7022E500ECA369 /* TypeElement.swift in Sources */,
				3438B40A2B6DB8040047673C /* PokemonListView.swift in Sources */,
				34141AB52B70227B00ECA369 /* PokemonResultItemResponse.swift in Sources */,
			);
			runOnlyForDeploymentPostprocessing = 0;
		};
/* End PBXSourcesBuildPhase section */

/* Begin XCBuildConfiguration section */
		3438B4012B6D61D90047673C /* Debug */ = {
			isa = XCBuildConfiguration;
			buildSettings = {
				ALWAYS_SEARCH_USER_PATHS = NO;
				ASSETCATALOG_COMPILER_GENERATE_SWIFT_ASSET_SYMBOL_EXTENSIONS = YES;
				CLANG_ANALYZER_NONNULL = YES;
				CLANG_ANALYZER_NUMBER_OBJECT_CONVERSION = YES_AGGRESSIVE;
				CLANG_CXX_LANGUAGE_STANDARD = "gnu++20";
				CLANG_ENABLE_MODULES = YES;
				CLANG_ENABLE_OBJC_ARC = YES;
				CLANG_ENABLE_OBJC_WEAK = YES;
				CLANG_WARN_BLOCK_CAPTURE_AUTORELEASING = YES;
				CLANG_WARN_BOOL_CONVERSION = YES;
				CLANG_WARN_COMMA = YES;
				CLANG_WARN_CONSTANT_CONVERSION = YES;
				CLANG_WARN_DEPRECATED_OBJC_IMPLEMENTATIONS = YES;
				CLANG_WARN_DIRECT_OBJC_ISA_USAGE = YES_ERROR;
				CLANG_WARN_DOCUMENTATION_COMMENTS = YES;
				CLANG_WARN_EMPTY_BODY = YES;
				CLANG_WARN_ENUM_CONVERSION = YES;
				CLANG_WARN_INFINITE_RECURSION = YES;
				CLANG_WARN_INT_CONVERSION = YES;
				CLANG_WARN_NON_LITERAL_NULL_CONVERSION = YES;
				CLANG_WARN_OBJC_IMPLICIT_RETAIN_SELF = YES;
				CLANG_WARN_OBJC_LITERAL_CONVERSION = YES;
				CLANG_WARN_OBJC_ROOT_CLASS = YES_ERROR;
				CLANG_WARN_QUOTED_INCLUDE_IN_FRAMEWORK_HEADER = YES;
				CLANG_WARN_RANGE_LOOP_ANALYSIS = YES;
				CLANG_WARN_STRICT_PROTOTYPES = YES;
				CLANG_WARN_SUSPICIOUS_MOVE = YES;
				CLANG_WARN_UNGUARDED_AVAILABILITY = YES_AGGRESSIVE;
				CLANG_WARN_UNREACHABLE_CODE = YES;
				CLANG_WARN__DUPLICATE_METHOD_MATCH = YES;
				COPY_PHASE_STRIP = NO;
				DEBUG_INFORMATION_FORMAT = dwarf;
				ENABLE_STRICT_OBJC_MSGSEND = YES;
				ENABLE_TESTABILITY = YES;
				ENABLE_USER_SCRIPT_SANDBOXING = YES;
				GCC_C_LANGUAGE_STANDARD = gnu17;
				GCC_DYNAMIC_NO_PIC = NO;
				GCC_NO_COMMON_BLOCKS = YES;
				GCC_OPTIMIZATION_LEVEL = 0;
				GCC_PREPROCESSOR_DEFINITIONS = (
					"DEBUG=1",
					"$(inherited)",
				);
				GCC_WARN_64_TO_32_BIT_CONVERSION = YES;
				GCC_WARN_ABOUT_RETURN_TYPE = YES_ERROR;
				GCC_WARN_UNDECLARED_SELECTOR = YES;
				GCC_WARN_UNINITIALIZED_AUTOS = YES_AGGRESSIVE;
				GCC_WARN_UNUSED_FUNCTION = YES;
				GCC_WARN_UNUSED_VARIABLE = YES;
				IPHONEOS_DEPLOYMENT_TARGET = 17.0;
				LOCALIZATION_PREFERS_STRING_CATALOGS = YES;
				MTL_ENABLE_DEBUG_INFO = INCLUDE_SOURCE;
				MTL_FAST_MATH = YES;
				ONLY_ACTIVE_ARCH = YES;
				SDKROOT = iphoneos;
				SWIFT_ACTIVE_COMPILATION_CONDITIONS = "DEBUG $(inherited)";
				SWIFT_OPTIMIZATION_LEVEL = "-Onone";
			};
			name = Debug;
		};
		3438B4022B6D61D90047673C /* Release */ = {
			isa = XCBuildConfiguration;
			buildSettings = {
				ALWAYS_SEARCH_USER_PATHS = NO;
				ASSETCATALOG_COMPILER_GENERATE_SWIFT_ASSET_SYMBOL_EXTENSIONS = YES;
				CLANG_ANALYZER_NONNULL = YES;
				CLANG_ANALYZER_NUMBER_OBJECT_CONVERSION = YES_AGGRESSIVE;
				CLANG_CXX_LANGUAGE_STANDARD = "gnu++20";
				CLANG_ENABLE_MODULES = YES;
				CLANG_ENABLE_OBJC_ARC = YES;
				CLANG_ENABLE_OBJC_WEAK = YES;
				CLANG_WARN_BLOCK_CAPTURE_AUTORELEASING = YES;
				CLANG_WARN_BOOL_CONVERSION = YES;
				CLANG_WARN_COMMA = YES;
				CLANG_WARN_CONSTANT_CONVERSION = YES;
				CLANG_WARN_DEPRECATED_OBJC_IMPLEMENTATIONS = YES;
				CLANG_WARN_DIRECT_OBJC_ISA_USAGE = YES_ERROR;
				CLANG_WARN_DOCUMENTATION_COMMENTS = YES;
				CLANG_WARN_EMPTY_BODY = YES;
				CLANG_WARN_ENUM_CONVERSION = YES;
				CLANG_WARN_INFINITE_RECURSION = YES;
				CLANG_WARN_INT_CONVERSION = YES;
				CLANG_WARN_NON_LITERAL_NULL_CONVERSION = YES;
				CLANG_WARN_OBJC_IMPLICIT_RETAIN_SELF = YES;
				CLANG_WARN_OBJC_LITERAL_CONVERSION = YES;
				CLANG_WARN_OBJC_ROOT_CLASS = YES_ERROR;
				CLANG_WARN_QUOTED_INCLUDE_IN_FRAMEWORK_HEADER = YES;
				CLANG_WARN_RANGE_LOOP_ANALYSIS = YES;
				CLANG_WARN_STRICT_PROTOTYPES = YES;
				CLANG_WARN_SUSPICIOUS_MOVE = YES;
				CLANG_WARN_UNGUARDED_AVAILABILITY = YES_AGGRESSIVE;
				CLANG_WARN_UNREACHABLE_CODE = YES;
				CLANG_WARN__DUPLICATE_METHOD_MATCH = YES;
				COPY_PHASE_STRIP = NO;
				DEBUG_INFORMATION_FORMAT = "dwarf-with-dsym";
				ENABLE_NS_ASSERTIONS = NO;
				ENABLE_STRICT_OBJC_MSGSEND = YES;
				ENABLE_USER_SCRIPT_SANDBOXING = YES;
				GCC_C_LANGUAGE_STANDARD = gnu17;
				GCC_NO_COMMON_BLOCKS = YES;
				GCC_WARN_64_TO_32_BIT_CONVERSION = YES;
				GCC_WARN_ABOUT_RETURN_TYPE = YES_ERROR;
				GCC_WARN_UNDECLARED_SELECTOR = YES;
				GCC_WARN_UNINITIALIZED_AUTOS = YES_AGGRESSIVE;
				GCC_WARN_UNUSED_FUNCTION = YES;
				GCC_WARN_UNUSED_VARIABLE = YES;
				IPHONEOS_DEPLOYMENT_TARGET = 17.0;
				LOCALIZATION_PREFERS_STRING_CATALOGS = YES;
				MTL_ENABLE_DEBUG_INFO = NO;
				MTL_FAST_MATH = YES;
				SDKROOT = iphoneos;
				SWIFT_COMPILATION_MODE = wholemodule;
				VALIDATE_PRODUCT = YES;
			};
			name = Release;
		};
		3438B4042B6D61D90047673C /* Debug */ = {
			isa = XCBuildConfiguration;
			buildSettings = {
				ASSETCATALOG_COMPILER_APPICON_NAME = AppIcon;
				ASSETCATALOG_COMPILER_GLOBAL_ACCENT_COLOR_NAME = AccentColor;
				CODE_SIGN_STYLE = Automatic;
				CURRENT_PROJECT_VERSION = 1;
				DEVELOPMENT_ASSET_PATHS = "\"MyPokeAppSesh/Preview Content\"";
				ENABLE_PREVIEWS = YES;
				GENERATE_INFOPLIST_FILE = YES;
				INFOPLIST_KEY_UIApplicationSceneManifest_Generation = YES;
				INFOPLIST_KEY_UIApplicationSupportsIndirectInputEvents = YES;
				INFOPLIST_KEY_UILaunchScreen_Generation = YES;
				INFOPLIST_KEY_UISupportedInterfaceOrientations_iPad = "UIInterfaceOrientationPortrait UIInterfaceOrientationPortraitUpsideDown UIInterfaceOrientationLandscapeLeft UIInterfaceOrientationLandscapeRight";
				INFOPLIST_KEY_UISupportedInterfaceOrientations_iPhone = "UIInterfaceOrientationPortrait UIInterfaceOrientationLandscapeLeft UIInterfaceOrientationLandscapeRight";
				LD_RUNPATH_SEARCH_PATHS = (
					"$(inherited)",
					"@executable_path/Frameworks",
				);
				MARKETING_VERSION = 1.0;
				PRODUCT_BUNDLE_IDENTIFIER = manuelvt.MyPokeAppSesh;
				PRODUCT_NAME = "$(TARGET_NAME)";
				SWIFT_EMIT_LOC_STRINGS = YES;
				SWIFT_VERSION = 5.0;
				TARGETED_DEVICE_FAMILY = "1,2";
			};
			name = Debug;
		};
		3438B4052B6D61D90047673C /* Release */ = {
			isa = XCBuildConfiguration;
			buildSettings = {
				ASSETCATALOG_COMPILER_APPICON_NAME = AppIcon;
				ASSETCATALOG_COMPILER_GLOBAL_ACCENT_COLOR_NAME = AccentColor;
				CODE_SIGN_STYLE = Automatic;
				CURRENT_PROJECT_VERSION = 1;
				DEVELOPMENT_ASSET_PATHS = "\"MyPokeAppSesh/Preview Content\"";
				ENABLE_PREVIEWS = YES;
				GENERATE_INFOPLIST_FILE = YES;
				INFOPLIST_KEY_UIApplicationSceneManifest_Generation = YES;
				INFOPLIST_KEY_UIApplicationSupportsIndirectInputEvents = YES;
				INFOPLIST_KEY_UILaunchScreen_Generation = YES;
				INFOPLIST_KEY_UISupportedInterfaceOrientations_iPad = "UIInterfaceOrientationPortrait UIInterfaceOrientationPortraitUpsideDown UIInterfaceOrientationLandscapeLeft UIInterfaceOrientationLandscapeRight";
				INFOPLIST_KEY_UISupportedInterfaceOrientations_iPhone = "UIInterfaceOrientationPortrait UIInterfaceOrientationLandscapeLeft UIInterfaceOrientationLandscapeRight";
				LD_RUNPATH_SEARCH_PATHS = (
					"$(inherited)",
					"@executable_path/Frameworks",
				);
				MARKETING_VERSION = 1.0;
				PRODUCT_BUNDLE_IDENTIFIER = manuelvt.MyPokeAppSesh;
				PRODUCT_NAME = "$(TARGET_NAME)";
				SWIFT_EMIT_LOC_STRINGS = YES;
				SWIFT_VERSION = 5.0;
				TARGETED_DEVICE_FAMILY = "1,2";
			};
			name = Release;
		};
/* End XCBuildConfiguration section */

/* Begin XCConfigurationList section */
		3438B3EB2B6D61D80047673C /* Build configuration list for PBXProject "MyPokeAppSesh" */ = {
			isa = XCConfigurationList;
			buildConfigurations = (
				3438B4012B6D61D90047673C /* Debug */,
				3438B4022B6D61D90047673C /* Release */,
			);
			defaultConfigurationIsVisible = 0;
			defaultConfigurationName = Release;
		};
		3438B4032B6D61D90047673C /* Build configuration list for PBXNativeTarget "MyPokeAppSesh" */ = {
			isa = XCConfigurationList;
			buildConfigurations = (
				3438B4042B6D61D90047673C /* Debug */,
				3438B4052B6D61D90047673C /* Release */,
			);
			defaultConfigurationIsVisible = 0;
			defaultConfigurationName = Release;
		};
/* End XCConfigurationList section */
	};
	rootObject = 3438B3E82B6D61D80047673C /* Project object */;
}
